# This file is automatically @generated by Poetry 1.7.1 and should not be changed by hand.

[[package]]
name = "anyio"
version = "4.4.0"
description = "High level compatibility layer for multiple asynchronous event loop implementations"
optional = false
python-versions = ">=3.8"
files = [
    {file = "anyio-4.4.0-py3-none-any.whl", hash = "sha256:c1b2d8f46a8a812513012e1107cb0e68c17159a7a594208005a57dc776e1bdc7"},
    {file = "anyio-4.4.0.tar.gz", hash = "sha256:5aadc6a1bbb7cdb0bede386cac5e2940f5e2ff3aa20277e991cf028e0585ce94"},
]

[package.dependencies]
idna = ">=2.8"
sniffio = ">=1.1"

[package.extras]
doc = ["Sphinx (>=7)", "packaging", "sphinx-autodoc-typehints (>=1.2.0)", "sphinx-rtd-theme"]
test = ["anyio[trio]", "coverage[toml] (>=7)", "exceptiongroup (>=1.2.0)", "hypothesis (>=4.0)", "psutil (>=5.9)", "pytest (>=7.0)", "pytest-mock (>=3.6.1)", "trustme", "uvloop (>=0.17)"]
trio = ["trio (>=0.23)"]

[[package]]
name = "certifi"
version = "2024.2.2"
description = "Python package for providing Mozilla's CA Bundle."
optional = false
python-versions = ">=3.6"
files = [
    {file = "certifi-2024.2.2-py3-none-any.whl", hash = "sha256:dc383c07b76109f368f6106eee2b593b04a011ea4d55f652c6ca24a754d1cdd1"},
    {file = "certifi-2024.2.2.tar.gz", hash = "sha256:0569859f95fc761b18b45ef421b1290a0f65f147e92a1e5eb3e635f9a5e4e66f"},
]

[[package]]
name = "evdev"
version = "1.7.1"
description = "Bindings to the Linux input handling subsystem"
optional = false
python-versions = ">=3.6"
files = [
    {file = "evdev-1.7.1.tar.gz", hash = "sha256:0c72c370bda29d857e188d931019c32651a9c1ea977c08c8d939b1ced1637fde"},
]

[[package]]
name = "h11"
version = "0.14.0"
description = "A pure-Python, bring-your-own-I/O implementation of HTTP/1.1"
optional = false
python-versions = ">=3.7"
files = [
    {file = "h11-0.14.0-py3-none-any.whl", hash = "sha256:e3fe4ac4b851c468cc8363d500db52c2ead036020723024a109d37346efaa761"},
    {file = "h11-0.14.0.tar.gz", hash = "sha256:8f19fbbe99e72420ff35c00b27a34cb9937e902a8b810e2c88300c6f0a3b699d"},
]

[[package]]
name = "httpcore"
version = "1.0.5"
description = "A minimal low-level HTTP client."
optional = false
python-versions = ">=3.8"
files = [
    {file = "httpcore-1.0.5-py3-none-any.whl", hash = "sha256:421f18bac248b25d310f3cacd198d55b8e6125c107797b609ff9b7a6ba7991b5"},
    {file = "httpcore-1.0.5.tar.gz", hash = "sha256:34a38e2f9291467ee3b44e89dd52615370e152954ba21721378a87b2960f7a61"},
]

[package.dependencies]
certifi = "*"
h11 = ">=0.13,<0.15"

[package.extras]
asyncio = ["anyio (>=4.0,<5.0)"]
http2 = ["h2 (>=3,<5)"]
socks = ["socksio (==1.*)"]
trio = ["trio (>=0.22.0,<0.26.0)"]

[[package]]
name = "httpx"
version = "0.27.0"
description = "The next generation HTTP client."
optional = false
python-versions = ">=3.8"
files = [
    {file = "httpx-0.27.0-py3-none-any.whl", hash = "sha256:71d5465162c13681bff01ad59b2cc68dd838ea1f10e51574bac27103f00c91a5"},
    {file = "httpx-0.27.0.tar.gz", hash = "sha256:a0cb88a46f32dc874e04ee956e4c2764aba2aa228f650b06788ba6bda2962ab5"},
]

[package.dependencies]
anyio = "*"
certifi = "*"
httpcore = "==1.*"
idna = "*"
sniffio = "*"

[package.extras]
brotli = ["brotli", "brotlicffi"]
cli = ["click (==8.*)", "pygments (==2.*)", "rich (>=10,<14)"]
http2 = ["h2 (>=3,<5)"]
socks = ["socksio (==1.*)"]

[[package]]
name = "idna"
version = "3.7"
description = "Internationalized Domain Names in Applications (IDNA)"
optional = false
python-versions = ">=3.5"
files = [
    {file = "idna-3.7-py3-none-any.whl", hash = "sha256:82fee1fc78add43492d3a1898bfa6d8a904cc97d8427f683ed8e798d07761aa0"},
    {file = "idna-3.7.tar.gz", hash = "sha256:028ff3aadf0609c1fd278d8ea3089299412a7a8b9bd005dd08b9f8285bcb5cfc"},
]

[[package]]
name = "markdown-it-py"
version = "3.0.0"
description = "Python port of markdown-it. Markdown parsing, done right!"
optional = false
python-versions = ">=3.8"
files = [
    {file = "markdown-it-py-3.0.0.tar.gz", hash = "sha256:e3f60a94fa066dc52ec76661e37c851cb232d92f9886b15cb560aaada2df8feb"},
    {file = "markdown_it_py-3.0.0-py3-none-any.whl", hash = "sha256:355216845c60bd96232cd8d8c40e8f9765cc86f46880e43a8fd22dc1a1a8cab1"},
]

[package.dependencies]
mdurl = ">=0.1,<1.0"

[package.extras]
benchmarking = ["psutil", "pytest", "pytest-benchmark"]
code-style = ["pre-commit (>=3.0,<4.0)"]
compare = ["commonmark (>=0.9,<1.0)", "markdown (>=3.4,<4.0)", "mistletoe (>=1.0,<2.0)", "mistune (>=2.0,<3.0)", "panflute (>=2.3,<3.0)"]
linkify = ["linkify-it-py (>=1,<3)"]
plugins = ["mdit-py-plugins"]
profiling = ["gprof2dot"]
rtd = ["jupyter_sphinx", "mdit-py-plugins", "myst-parser", "pyyaml", "sphinx", "sphinx-copybutton", "sphinx-design", "sphinx_book_theme"]
testing = ["coverage", "pytest", "pytest-cov", "pytest-regressions"]

[[package]]
name = "mdurl"
version = "0.1.2"
description = "Markdown URL utilities"
optional = false
python-versions = ">=3.7"
files = [
    {file = "mdurl-0.1.2-py3-none-any.whl", hash = "sha256:84008a41e51615a49fc9966191ff91509e3c40b939176e643fd50a5c2196b8f8"},
    {file = "mdurl-0.1.2.tar.gz", hash = "sha256:bb413d29f5eea38f31dd4754dd7377d4465116fb207585f97bf925588687c1ba"},
]

[[package]]
name = "pygments"
version = "2.18.0"
description = "Pygments is a syntax highlighting package written in Python."
optional = false
python-versions = ">=3.8"
files = [
    {file = "pygments-2.18.0-py3-none-any.whl", hash = "sha256:b8e6aca0523f3ab76fee51799c488e38782ac06eafcf95e7ba832985c8e7b13a"},
    {file = "pygments-2.18.0.tar.gz", hash = "sha256:786ff802f32e91311bff3889f6e9a86e81505fe99f2735bb6d60ae0c5004f199"},
]

[package.extras]
windows-terminal = ["colorama (>=0.4.6)"]

[[package]]
name = "pynput"
version = "1.7.7"
description = "Monitor and control user input devices"
optional = false
python-versions = "*"
files = [
    {file = "pynput-1.7.7-py2.py3-none-any.whl", hash = "sha256:afc43f651684c98818de048abc76adf9f2d3d797083cb07c1f82be764a2d44cb"},
]

[package.dependencies]
evdev = {version = ">=1.3", markers = "sys_platform in \"linux\""}
pyobjc-framework-ApplicationServices = {version = ">=8.0", markers = "sys_platform == \"darwin\""}
pyobjc-framework-Quartz = {version = ">=8.0", markers = "sys_platform == \"darwin\""}
python-xlib = {version = ">=0.17", markers = "sys_platform in \"linux\""}
six = "*"

[[package]]
name = "pyobjc-core"
version = "10.3"
description = "Python<->ObjC Interoperability Module"
optional = false
python-versions = ">=3.8"
files = [
    {file = "pyobjc_core-10.3-cp310-cp310-macosx_10_9_universal2.whl", hash = "sha256:713dd174e3fd4bfb975949d7314c778d02909d5c017497408d8eedcedab73a42"},
    {file = "pyobjc_core-10.3-cp311-cp311-macosx_10_9_universal2.whl", hash = "sha256:9eca0c6d3923e8f5c4a86831e446f2995958525ff0c6a01f6f4fa8de0cb25c8a"},
    {file = "pyobjc_core-10.3-cp312-cp312-macosx_10_9_universal2.whl", hash = "sha256:50dfe3bd7295f04445cf3134113578678a188ca4fb0869e821369a2d288492dc"},
    {file = "pyobjc_core-10.3-cp313-cp313-macosx_10_9_universal2.whl", hash = "sha256:13511c0ab3235486d4560e9923ed96db76357e7c7e70e0629fee9425b0a8d901"},
    {file = "pyobjc_core-10.3-cp38-cp38-macosx_10_9_x86_64.whl", hash = "sha256:a7e3a0625f9370ef86a2529be0d22dd3dc48326a7a28113bc6f24d4bf866d076"},
    {file = "pyobjc_core-10.3-cp38-cp38-macosx_11_0_universal2.whl", hash = "sha256:7a17321d2e226ca43a8f70f8bc823cfaa58ff9d9cdedcd16708d4eec9ca808b2"},
    {file = "pyobjc_core-10.3-cp39-cp39-macosx_10_9_universal2.whl", hash = "sha256:5c2bfb2f9fcb9f291a64041a336aab1b34a20dbbf4f77fca3057a7d8ef9ce9c5"},
    {file = "pyobjc_core-10.3.tar.gz", hash = "sha256:875f2555b51a8a36cafbdb7d5d36f3452287a81bd5d7dc09aa6c309d638a9275"},
]

[[package]]
name = "pyobjc-framework-applicationservices"
version = "10.3"
description = "Wrappers for the framework ApplicationServices on macOS"
optional = false
python-versions = ">=3.8"
files = [
    {file = "pyobjc_framework_ApplicationServices-10.3-cp310-cp310-macosx_10_9_universal2.whl", hash = "sha256:6beb4565b5fa17f45828e2957161d4f6991f7bea5da6c44e268d96a7d103bfa7"},
    {file = "pyobjc_framework_ApplicationServices-10.3-cp311-cp311-macosx_10_9_universal2.whl", hash = "sha256:fe18f999755e15f2c7bc459860e4aac9a78b84208eb1751cbaef83e6ac9f6765"},
    {file = "pyobjc_framework_ApplicationServices-10.3-cp312-cp312-macosx_10_9_universal2.whl", hash = "sha256:9cd2b5bae9e0517b453aac7fc15143e9ac5ea607ad6a8fa56d31b58555403bba"},
    {file = "pyobjc_framework_ApplicationServices-10.3-cp313-cp313-macosx_10_9_universal2.whl", hash = "sha256:ea7db447abef7deb8233da00204bc5e76e695e504dcf7ad765c7b5d04d164188"},
    {file = "pyobjc_framework_ApplicationServices-10.3-cp38-cp38-macosx_10_9_x86_64.whl", hash = "sha256:9381d3c3ad04063d460b5aa9edd8bb1234350833b4decb8dd3df3feefc19c62f"},
    {file = "pyobjc_framework_ApplicationServices-10.3-cp38-cp38-macosx_11_0_universal2.whl", hash = "sha256:cbc55594468cab4df4314b956a0ab9b92395460ede76f874991d6219038c8e2a"},
    {file = "pyobjc_framework_ApplicationServices-10.3-cp39-cp39-macosx_10_9_universal2.whl", hash = "sha256:cba0a07176a30b1e3961842195bad2f079f80ec57872d52d705910e18eb23e26"},
    {file = "pyobjc_framework_applicationservices-10.3.tar.gz", hash = "sha256:36ca55df6a9552b7404e1a0799797c15db47faf608050024a898d50d2b1f4351"},
]

[package.dependencies]
pyobjc-core = ">=10.3"
pyobjc-framework-Cocoa = ">=10.3"
pyobjc-framework-CoreText = ">=10.3"
pyobjc-framework-Quartz = ">=10.3"

[[package]]
name = "pyobjc-framework-cocoa"
version = "10.3"
description = "Wrappers for the Cocoa frameworks on macOS"
optional = false
python-versions = ">=3.8"
files = [
    {file = "pyobjc_framework_Cocoa-10.3-cp310-cp310-macosx_10_9_universal2.whl", hash = "sha256:745fcd99cc9ca1827a5b6fa2127d12023428f8ce2047afefc57b1e69f185750f"},
    {file = "pyobjc_framework_Cocoa-10.3-cp311-cp311-macosx_10_9_universal2.whl", hash = "sha256:116b79be8e9756047a9b6f90d2f08c0e640ff86fcea85ca553dbbb4b121b390f"},
    {file = "pyobjc_framework_Cocoa-10.3-cp312-cp312-macosx_10_9_universal2.whl", hash = "sha256:08ccc260d3481ddf03784f7dcf2cc7a4e9d8f1ecdf727cb4f80cde7b88416c39"},
    {file = "pyobjc_framework_Cocoa-10.3-cp313-cp313-macosx_10_9_universal2.whl", hash = "sha256:277f5e4d4fab0d431cb5f07fc161a3076cb365099977e748c6a255e94eaad137"},
    {file = "pyobjc_framework_Cocoa-10.3-cp38-cp38-macosx_10_9_x86_64.whl", hash = "sha256:008e5ca144a378513ee5f8c5a9009e8b4401ec09edda3648b01f8d8b640b3152"},
    {file = "pyobjc_framework_Cocoa-10.3-cp38-cp38-macosx_11_0_universal2.whl", hash = "sha256:3c3f9806aa04dc1cd08e18a98a97629f0d0581fa0d6a71e739934f02e8b1a8df"},
    {file = "pyobjc_framework_Cocoa-10.3-cp39-cp39-macosx_10_9_universal2.whl", hash = "sha256:fb89620f96d5d0d52a158faeab1b568bed6fa6d0c4f883198e60e60a14db1360"},
    {file = "pyobjc_framework_cocoa-10.3.tar.gz", hash = "sha256:d39f90ffe04143911060c392e62b9514f14caaba119657d6e2b8b197af49e117"},
]

[package.dependencies]
pyobjc-core = ">=10.3"

[[package]]
name = "pyobjc-framework-coretext"
version = "10.3"
description = "Wrappers for the framework CoreText on macOS"
optional = false
python-versions = ">=3.8"
files = [
    {file = "pyobjc_framework_CoreText-10.3-cp310-cp310-macosx_10_9_universal2.whl", hash = "sha256:6d68d8a4cd2e86a1a6fb748beea20ae5256221ec282c69becb16334ae293c17e"},
    {file = "pyobjc_framework_CoreText-10.3-cp311-cp311-macosx_10_9_universal2.whl", hash = "sha256:eb7d4e89d7f6d579ec807542cebe815e62fe37a473342c8f026b6b048260d591"},
    {file = "pyobjc_framework_CoreText-10.3-cp312-cp312-macosx_10_9_universal2.whl", hash = "sha256:bc4a53c6e82606e24d4e096f4c503c78ec0171f67cd3214c571ff443c6edaa8f"},
    {file = "pyobjc_framework_CoreText-10.3-cp313-cp313-macosx_10_9_universal2.whl", hash = "sha256:4c2c407a24aa44acc3495098e394e33a332e3ae03d68cc6a045f94ad0a6c51e7"},
    {file = "pyobjc_framework_CoreText-10.3-cp38-cp38-macosx_10_9_x86_64.whl", hash = "sha256:a43f90662021248c6c9e31a9d9d75a33b9eecb738075998798926ceb5c243455"},
    {file = "pyobjc_framework_CoreText-10.3-cp38-cp38-macosx_11_0_universal2.whl", hash = "sha256:bddc0f7f72a92747d783cecd0a51eb1936d73dd77a5d1de48317d4a7e1293c98"},
    {file = "pyobjc_framework_CoreText-10.3-cp39-cp39-macosx_10_9_universal2.whl", hash = "sha256:8a697a4bbd51a45bb1c74baa3f83fd224c01e6352528b1c2485a01359785e695"},
    {file = "pyobjc_framework_coretext-10.3.tar.gz", hash = "sha256:d1c5f4345783451314f6f9725f0d020d02f112eaa8acd2cd15c27ca8e7639a64"},
]

[package.dependencies]
pyobjc-core = ">=10.3"
pyobjc-framework-Cocoa = ">=10.3"
pyobjc-framework-Quartz = ">=10.3"

[[package]]
name = "pyobjc-framework-quartz"
version = "10.3"
description = "Wrappers for the Quartz frameworks on macOS"
optional = false
python-versions = ">=3.8"
files = [
    {file = "pyobjc_framework_Quartz-10.3-cp310-cp310-macosx_10_9_universal2.whl", hash = "sha256:ab809262f8a1a2880a0e9d9e65035992cba684883f422c375bd320848f4e9a43"},
    {file = "pyobjc_framework_Quartz-10.3-cp311-cp311-macosx_10_9_universal2.whl", hash = "sha256:2187dd8a8d15fb731c9e3ae24b7311b9e21681a53377650ee6f9b519e1f78432"},
    {file = "pyobjc_framework_Quartz-10.3-cp312-cp312-macosx_10_9_universal2.whl", hash = "sha256:caf489c498b2137bf2909ad19f6461ddfb66106f678694805184daaa0dec7919"},
    {file = "pyobjc_framework_Quartz-10.3-cp313-cp313-macosx_10_9_universal2.whl", hash = "sha256:cca8f2233d93b3b84bca2745ad74b603c23a77c38c1c5847ac590eab0c335fd5"},
    {file = "pyobjc_framework_Quartz-10.3-cp38-cp38-macosx_10_9_x86_64.whl", hash = "sha256:71d9f590d5842191c68a5a8aee812d5516d61240e5dea8f604d8a9f769bbda4f"},
    {file = "pyobjc_framework_Quartz-10.3-cp38-cp38-macosx_11_0_universal2.whl", hash = "sha256:75094e160492e4724347a7fdde5a6f4c9f186c31d528c247f359e2c1606d9fb2"},
    {file = "pyobjc_framework_Quartz-10.3-cp39-cp39-macosx_10_9_universal2.whl", hash = "sha256:465ae4c1ecceca59831e7698c5fbe62d8e1e987c7fbbb000737954f2085762b9"},
    {file = "pyobjc_framework_quartz-10.3.tar.gz", hash = "sha256:4c4441e5a338ebe2e1d44a3bdf78e6bfb849ac167732814646dc438c3a08f595"},
]

[package.dependencies]
pyobjc-core = ">=10.3"
pyobjc-framework-Cocoa = ">=10.3"

[[package]]
name = "pyperclip"
version = "1.8.2"
description = "A cross-platform clipboard module for Python. (Only handles plain text for now.)"
optional = false
python-versions = "*"
files = [
    {file = "pyperclip-1.8.2.tar.gz", hash = "sha256:105254a8b04934f0bc84e9c24eb360a591aaf6535c9def5f29d92af107a9bf57"},
]

[[package]]
name = "python-xlib"
version = "0.33"
description = "Python X Library"
optional = false
python-versions = "*"
files = [
    {file = "python-xlib-0.33.tar.gz", hash = "sha256:55af7906a2c75ce6cb280a584776080602444f75815a7aff4d287bb2d7018b32"},
    {file = "python_xlib-0.33-py2.py3-none-any.whl", hash = "sha256:c3534038d42e0df2f1392a1b30a15a4ff5fdc2b86cfa94f072bf11b10a164398"},
]

[package.dependencies]
six = ">=1.10.0"

[[package]]
name = "rich"
version = "13.7.1"
description = "Render rich text, tables, progress bars, syntax highlighting, markdown and more to the terminal"
optional = false
python-versions = ">=3.7.0"
files = [
    {file = "rich-13.7.1-py3-none-any.whl", hash = "sha256:4edbae314f59eb482f54e9e30bf00d33350aaa94f4bfcd4e9e3110e64d0d7222"},
    {file = "rich-13.7.1.tar.gz", hash = "sha256:9be308cb1fe2f1f57d67ce99e95af38a1e2bc71ad9813b0e247cf7ffbcc3a432"},
]

[package.dependencies]
markdown-it-py = ">=2.2.0"
pygments = ">=2.13.0,<3.0.0"

[package.extras]
jupyter = ["ipywidgets (>=7.5.1,<9)"]

[[package]]
name = "six"
version = "1.16.0"
description = "Python 2 and 3 compatibility utilities"
optional = false
python-versions = ">=2.7, !=3.0.*, !=3.1.*, !=3.2.*"
files = [
    {file = "six-1.16.0-py2.py3-none-any.whl", hash = "sha256:8abb2f1d86890a2dfb989f9a77cfcfd3e47c2a354b01111771326f8aa26e0254"},
    {file = "six-1.16.0.tar.gz", hash = "sha256:1e61c37477a1626458e36f7b1d82aa5c9b094fa4802892072e49de9c60c4c926"},
]

[[package]]
name = "sniffio"
version = "1.3.1"
description = "Sniff out which async library your code is running under"
optional = false
python-versions = ">=3.7"
files = [
    {file = "sniffio-1.3.1-py3-none-any.whl", hash = "sha256:2f6da418d1f1e0fddd844478f41680e794e6051915791a034ff65e5f100525a2"},
    {file = "sniffio-1.3.1.tar.gz", hash = "sha256:f4324edc670a0f49750a81b895f35c3adb843cca46f0530f79fc1babb23789dc"},
]

[metadata]
lock-version = "2.0"
python-versions = "^3.11"
content-hash = "97dd6261c32b27f36de837a7cc15e0af15e1b11be1ad76960e37260f99d2ba6c"
